
Microsoft Visual Studio Solution File, Format Version 12.00
# Visual Studio Version 16
VisualStudioVersion = 16.0.31313.79
MinimumVisualStudioVersion = 10.0.40219.1
Project("{FAE04EC0-301F-11D3-BF4B-00C04F79EFBC}") = "FörberedandeKurs", "FörberedandeKurs.csproj", "{53635C9F-4A14-4C9E-AA0C-2EADBF16975B}"
EndProject
Global
	GlobalSection(SolutionConfigurationPlatforms) = preSolution
		Debug|Any CPU = Debug|Any CPU
		Release|Any CPU = Release|Any CPU
	EndGlobalSection
	GlobalSection(ProjectConfigurationPlatforms) = postSolution
		{53635C9F-4A14-4C9E-AA0C-2EADBF16975B}.Debug|Any CPU.ActiveCfg = Debug|Any CPU
		{53635C9F-4A14-4C9E-AA0C-2EADBF16975B}.Debug|Any CPU.Build.0 = Debug|Any CPU
		{53635C9F-4A14-4C9E-AA0C-2EADBF16975B}.Release|Any CPU.ActiveCfg = Release|Any CPU
		{53635C9F-4A14-4C9E-AA0C-2EADBF16975B}.Release|Any CPU.Build.0 = Release|Any CPU
	EndGlobalSection
	GlobalSection(SolutionProperties) = preSolution
		HideSolutionNode = FALSE
	EndGlobalSection
	GlobalSection(ExtensibilityGlobals) = postSolution
		SolutionGuid = {4A8F21EB-36F6-4BCC-BDD3-E1546CBEBBD9}
	EndGlobalSection
EndGlobal
